// !$*UTF8*$!
{
	archiveVersion = 1;
	classes = {
	};
	objectVersion = 50;
	objects = {

/* Begin PBXBuildFile section */
		BC39BD3A21AD6B7C007DBF07 /* AppDelegate.swift in Sources */ = {isa = PBXBuildFile; fileRef = BC39BD3921AD6B7C007DBF07 /* AppDelegate.swift */; };
		BC39BD3C21AD6B7C007DBF07 /* ViewController.swift in Sources */ = {isa = PBXBuildFile; fileRef = BC39BD3B21AD6B7C007DBF07 /* ViewController.swift */; };
		BC39BD3F21AD6B7C007DBF07 /* Main.storyboard in Resources */ = {isa = PBXBuildFile; fileRef = BC39BD3D21AD6B7C007DBF07 /* Main.storyboard */; };
		BC39BD4121AD6B81007DBF07 /* Assets.xcassets in Resources */ = {isa = PBXBuildFile; fileRef = BC39BD4021AD6B81007DBF07 /* Assets.xcassets */; };
		BC39BD4421AD6B81007DBF07 /* LaunchScreen.storyboard in Resources */ = {isa = PBXBuildFile; fileRef = BC39BD4221AD6B81007DBF07 /* LaunchScreen.storyboard */; };
/* End PBXBuildFile section */

/* Begin PBXFileReference section */
		BC39BD3621AD6B7C007DBF07 /* Logo, launched y botones.app */ = {isa = PBXFileReference; explicitFileType = wrapper.application; includeInIndex = 0; path = "Logo, launched y botones.app"; sourceTree = BUILT_PRODUCTS_DIR; };
		BC39BD3921AD6B7C007DBF07 /* AppDelegate.swift */ = {isa = PBXFileReference; lastKnownFileType = sourcecode.swift; path = AppDelegate.swift; sourceTree = "<group>"; };
		BC39BD3B21AD6B7C007DBF07 /* ViewController.swift */ = {isa = PBXFileReference; lastKnownFileType = sourcecode.swift; path = ViewController.swift; sourceTree = "<group>"; };
		BC39BD3E21AD6B7C007DBF07 /* Base */ = {isa = PBXFileReference; lastKnownFileType = file.storyboard; name = Base; path = Base.lproj/Main.storyboard; sourceTree = "<group>"; };
		BC39BD4021AD6B81007DBF07 /* Assets.xcassets */ = {isa = PBXFileReference; lastKnownFileType = folder.assetcatalog; path = Assets.xcassets; sourceTree = "<group>"; };
		BC39BD4321AD6B81007DBF07 /* Base */ = {isa = PBXFileReference; lastKnownFileType = file.storyboard; name = Base; path = Base.lproj/LaunchScreen.storyboard; sourceTree = "<group>"; };
		BC39BD4521AD6B81007DBF07 /* Info.plist */ = {isa = PBXFileReference; lastKnownFileType = text.plist.xml; path = Info.plist; sourceTree = "<group>"; };
/* End PBXFileReference section */

/* Begin PBXFrameworksBuildPhase section */
		BC39BD3321AD6B7C007DBF07 /* Frameworks */ = {
			isa = PBXFrameworksBuildPhase;
			buildActionMask = 2147483647;
			files = (
			);
			runOnlyForDeploymentPostprocessing = 0;
		};
/* End PBXFrameworksBuildPhase section */

/* Begin PBXGroup section */
		BC39BD2D21AD6B7C007DBF07 = {
			isa = PBXGroup;
			children = (
				BC39BD3821AD6B7C007DBF07 /* Logo, launched y botones */,
				BC39BD3721AD6B7C007DBF07 /* Products */,
			);
			sourceTree = "<group>";
		};
		BC39BD3721AD6B7C007DBF07 /* Products */ = {
			isa = PBXGroup;
			children = (
				BC39BD3621AD6B7C007DBF07 /* Logo, launched y botones.app */,
			);
			name = Products;
			sourceTree = "<group>";
		};
		BC39BD3821AD6B7C007DBF07 /* Logo, launched y botones */ = {
			isa = PBXGroup;
			children = (
				BC39BD3921AD6B7C007DBF07 /* AppDelegate.swift */,
				BC39BD3B21AD6B7C007DBF07 /* ViewController.swift */,
				BC39BD3D21AD6B7C007DBF07 /* Main.storyboard */,
				BC39BD4021AD6B81007DBF07 /* Assets.xcassets */,
				BC39BD4221AD6B81007DBF07 /* LaunchScreen.storyboard */,
				BC39BD4521AD6B81007DBF07 /* Info.plist */,
			);
			path = "Logo, launched y botones";
			sourceTree = "<group>";
		};
/* End PBXGroup section */

/* Begin PBXNativeTarget section */
		BC39BD3521AD6B7C007DBF07 /* Logo, launched y botones */ = {
			isa = PBXNativeTarget;
			buildConfigurationList = BC39BD4821AD6B81007DBF07 /* Build configuration list for PBXNativeTarget "Logo, launched y botones" */;
			buildPhases = (
				BC39BD3221AD6B7C007DBF07 /* Sources */,
				BC39BD3321AD6B7C007DBF07 /* Frameworks */,
				BC39BD3421AD6B7C007DBF07 /* Resources */,
			);
			buildRules = (
			);
			dependencies = (
			);
			name = "Logo, launched y botones";
			productName = "Logo, launched y botones";
			productReference = BC39BD3621AD6B7C007DBF07 /* Logo, launched y botones.app */;
			productType = "com.apple.product-type.application";
		};
/* End PBXNativeTarget section */

/* Begin PBXProject section */
		BC39BD2E21AD6B7C007DBF07 /* Project object */ = {
			isa = PBXProject;
			attributes = {
				LastSwiftUpdateCheck = 1010;
				LastUpgradeCheck = 1010;
				ORGANIZATIONNAME = codex;
				TargetAttributes = {
					BC39BD3521AD6B7C007DBF07 = {
						CreatedOnToolsVersion = 10.1;
					};
				};
			};
			buildConfigurationList = BC39BD3121AD6B7C007DBF07 /* Build configuration list for PBXProject "Logo, launched y botones" */;
			compatibilityVersion = "Xcode 9.3";
			developmentRegion = en;
			hasScannedForEncodings = 0;
			knownRegions = (
				en,
				Base,
			);
			mainGroup = BC39BD2D21AD6B7C007DBF07;
			productRefGroup = BC39BD3721AD6B7C007DBF07 /* Products */;
			projectDirPath = "";
			projectRoot = "";
			targets = (
				BC39BD3521AD6B7C007DBF07 /* Logo, launched y botones */,
			);
		};
/* End PBXProject section */

/* Begin PBXResourcesBuildPhase section */
		BC39BD3421AD6B7C007DBF07 /* Resources */ = {
			isa = PBXResourcesBuildPhase;
			buildActionMask = 2147483647;
			files = (
				BC39BD4421AD6B81007DBF07 /* LaunchScreen.storyboard in Resources */,
				BC39BD4121AD6B81007DBF07 /* Assets.xcassets in Resources */,
				BC39BD3F21AD6B7C007DBF07 /* Main.storyboard in Resources */,
			);
			runOnlyForDeploymentPostprocessing = 0;
		};
/* End PBXResourcesBuildPhase section */

/* Begin PBXSourcesBuildPhase section */
		BC39BD3221AD6B7C007DBF07 /* Sources */ = {
			isa = PBXSourcesBuildPhase;
			buildActionMask = 2147483647;
			files = (
				BC39BD3C21AD6B7C007DBF07 /* ViewController.swift in Sources */,
				BC39BD3A21AD6B7C007DBF07 /* AppDelegate.swift in Sources */,
			);
			runOnlyForDeploymentPostprocessing = 0;
		};
/* End PBXSourcesBuildPhase section */

/* Begin PBXVariantGroup section */
		BC39BD3D21AD6B7C007DBF07 /* Main.storyboard */ = {
			isa = PBXVariantGroup;
			children = (
				BC39BD3E21AD6B7C007DBF07 /* Base */,
			);
			name = Main.storyboard;
			sourceTree = "<group>";
		};
		BC39BD4221AD6B81007DBF07 /* LaunchScreen.storyboard */ = {
			isa = PBXVariantGroup;
			children = (
				BC39BD4321AD6B81007DBF07 /* Base */,
			);
			name = LaunchScreen.storyboard;
			sourceTree = "<group>";
		};
/* End PBXVariantGroup section */

/* Begin XCBuildConfiguration section */
		BC39BD4621AD6B81007DBF07 /* Debug */ = {
			isa = XCBuildConfiguration;
			buildSettings = {
				ALWAYS_SEARCH_USER_PATHS = NO;
				CLANG_ANALYZER_NONNULL = YES;
				CLANG_ANALYZER_NUMBER_OBJECT_CONVERSION = YES_AGGRESSIVE;
				CLANG_CXX_LANGUAGE_STANDARD = "gnu++14";
				CLANG_CXX_LIBRARY = "libc++";
				CLANG_ENABLE_MODULES = YES;
				CLANG_ENABLE_OBJC_ARC = YES;
				CLANG_ENABLE_OBJC_WEAK = YES;
				CLANG_WARN_BLOCK_CAPTURE_AUTORELEASING = YES;
				CLANG_WARN_BOOL_CONVERSION = YES;
				CLANG_WARN_COMMA = YES;
				CLANG_WARN_CONSTANT_CONVERSION = YES;
				CLANG_WARN_DEPRECATED_OBJC_IMPLEMENTATIONS = YES;
				CLANG_WARN_DIRECT_OBJC_ISA_USAGE = YES_ERROR;
				CLANG_WARN_DOCUMENTATION_COMMENTS = YES;
				CLANG_WARN_EMPTY_BODY = YES;
				CLANG_WARN_ENUM_CONVERSION = YES;
				CLANG_WARN_INFINITE_RECURSION = YES;
				CLANG_WARN_INT_CONVERSION = YES;
				CLANG_WARN_NON_LITERAL_NULL_CONVERSION = YES;
				CLANG_WARN_OBJC_IMPLICIT_RETAIN_SELF = YES;
				CLANG_WARN_OBJC_LITERAL_CONVERSION = YES;
				CLANG_WARN_OBJC_ROOT_CLASS = YES_ERROR;
				CLANG_WARN_RANGE_LOOP_ANALYSIS = YES;
				CLANG_WARN_STRICT_PROTOTYPES = YES;
				CLANG_WARN_SUSPICIOUS_MOVE = YES;
				CLANG_WARN_UNGUARDED_AVAILABILITY = YES_AGGRESSIVE;
				CLANG_WARN_UNREACHABLE_CODE = YES;
				CLANG_WARN__DUPLICATE_METHOD_MATCH = YES;
				CODE_SIGN_IDENTITY = "iPhone Developer";
				COPY_PHASE_STRIP = NO;
				DEBUG_INFORMATION_FORMAT = dwarf;
				ENABLE_STRICT_OBJC_MSGSEND = YES;
				ENABLE_TESTABILITY = YES;
				GCC_C_LANGUAGE_STANDARD = gnu11;
				GCC_DYNAMIC_NO_PIC = NO;
				GCC_NO_COMMON_BLOCKS = YES;
				GCC_OPTIMIZATION_LEVEL = 0;
				GCC_PREPROCESSOR_DEFINITIONS = (
					"DEBUG=1",
					"$(inherited)",
				);
				GCC_WARN_64_TO_32_BIT_CONVERSION = YES;
				GCC_WARN_ABOUT_RETURN_TYPE = YES_ERROR;
				GCC_WARN_UNDECLARED_SELECTOR = YES;
				GCC_WARN_UNINITIALIZED_AUTOS = YES_AGGRESSIVE;
				GCC_WARN_UNUSED_FUNCTION = YES;
				GCC_WARN_UNUSED_VARIABLE = YES;
				IPHONEOS_DEPLOYMENT_TARGET = 12.1;
				MTL_ENABLE_DEBUG_INFO = INCLUDE_SOURCE;
				MTL_FAST_MATH = YES;
				ONLY_ACTIVE_ARCH = YES;
				SDKROOT = iphoneos;
				SWIFT_ACTIVE_COMPILATION_CONDITIONS = DEBUG;
				SWIFT_OPTIMIZATION_LEVEL = "-Onone";
			};
			name = Debug;
		};
		BC39BD4721AD6B81007DBF07 /* Release */ = {
			isa = XCBuildConfiguration;
			buildSettings = {
				ALWAYS_SEARCH_USER_PATHS = NO;
				CLANG_ANALYZER_NONNULL = YES;
				CLANG_ANALYZER_NUMBER_OBJECT_CONVERSION = YES_AGGRESSIVE;
				CLANG_CXX_LANGUAGE_STANDARD = "gnu++14";
				CLANG_CXX_LIBRARY = "libc++";
				CLANG_ENABLE_MODULES = YES;
				CLANG_ENABLE_OBJC_ARC = YES;
				CLANG_ENABLE_OBJC_WEAK = YES;
				CLANG_WARN_BLOCK_CAPTURE_AUTORELEASING = YES;
				CLANG_WARN_BOOL_CONVERSION = YES;
				CLANG_WARN_COMMA = YES;
				CLANG_WARN_CONSTANT_CONVERSION = YES;
				CLANG_WARN_DEPRECATED_OBJC_IMPLEMENTATIONS = YES;
				CLANG_WARN_DIRECT_OBJC_ISA_USAGE = YES_ERROR;
				CLANG_WARN_DOCUMENTATION_COMMENTS = YES;
				CLANG_WARN_EMPTY_BODY = YES;
				CLANG_WARN_ENUM_CONVERSION = YES;
				CLANG_WARN_INFINITE_RECURSION = YES;
				CLANG_WARN_INT_CONVERSION = YES;
				CLANG_WARN_NON_LITERAL_NULL_CONVERSION = YES;
				CLANG_WARN_OBJC_IMPLICIT_RETAIN_SELF = YES;
				CLANG_WARN_OBJC_LITERAL_CONVERSION = YES;
				CLANG_WARN_OBJC_ROOT_CLASS = YES_ERROR;
				CLANG_WARN_RANGE_LOOP_ANALYSIS = YES;
				CLANG_WARN_STRICT_PROTOTYPES = YES;
				CLANG_WARN_SUSPICIOUS_MOVE = YES;
				CLANG_WARN_UNGUARDED_AVAILABILITY = YES_AGGRESSIVE;
				CLANG_WARN_UNREACHABLE_CODE = YES;
				CLANG_WARN__DUPLICATE_METHOD_MATCH = YES;
				CODE_SIGN_IDENTITY = "iPhone Developer";
				COPY_PHASE_STRIP = NO;
				DEBUG_INFORMATION_FORMAT = "dwarf-with-dsym";
				ENABLE_NS_ASSERTIONS = NO;
				ENABLE_STRICT_OBJC_MSGSEND = YES;
				GCC_C_LANGUAGE_STANDARD = gnu11;
				GCC_NO_COMMON_BLOCKS = YES;
				GCC_WARN_64_TO_32_BIT_CONVERSION = YES;
				GCC_WARN_ABOUT_RETURN_TYPE = YES_ERROR;
				GCC_WARN_UNDECLARED_SELECTOR = YES;
				GCC_WARN_UNINITIALIZED_AUTOS = YES_AGGRESSIVE;
				GCC_WARN_UNUSED_FUNCTION = YES;
				GCC_WARN_UNUSED_VARIABLE = YES;
				IPHONEOS_DEPLOYMENT_TARGET = 12.1;
				MTL_ENABLE_DEBUG_INFO = NO;
				MTL_FAST_MATH = YES;
				SDKROOT = iphoneos;
				SWIFT_COMPILATION_MODE = wholemodule;
				SWIFT_OPTIMIZATION_LEVEL = "-O";
				VALIDATE_PRODUCT = YES;
			};
			name = Release;
		};
		BC39BD4921AD6B81007DBF07 /* Debug */ = {
			isa = XCBuildConfiguration;
			buildSettings = {
				ASSETCATALOG_COMPILER_APPICON_NAME = "AppIcon-1";
				CODE_SIGN_STYLE = Automatic;
				INFOPLIST_FILE = "Logo, launched y botones/Info.plist";
				LD_RUNPATH_SEARCH_PATHS = (
					"$(inherited)",
					"@executable_path/Frameworks",
				);
				PRODUCT_BUNDLE_IDENTIFIER = "com.bbaa.Logo--launched-y-botones";
				PRODUCT_NAME = "$(TARGET_NAME)";
				SWIFT_VERSION = 4.2;
				TARGETED_DEVICE_FAMILY = "1,2";
			};
			name = Debug;
		};
		BC39BD4A21AD6B81007DBF07 /* Release */ = {
			isa = XCBuildConfiguration;
			buildSettings = {
				ASSETCATALOG_COMPILER_APPICON_NAME = "AppIcon-1";
				CODE_SIGN_STYLE = Automatic;
				INFOPLIST_FILE = "Logo, launched y botones/Info.plist";
				LD_RUNPATH_SEARCH_PATHS = (
					"$(inherited)",
					"@executable_path/Frameworks",
				);
				PRODUCT_BUNDLE_IDENTIFIER = "com.bbaa.Logo--launched-y-botones";
				PRODUCT_NAME = "$(TARGET_NAME)";
				SWIFT_VERSION = 4.2;
				TARGETED_DEVICE_FAMILY = "1,2";
			};
			name = Release;
		};
/* End XCBuildConfiguration section */

/* Begin XCConfigurationList section */
		BC39BD3121AD6B7C007DBF07 /* Build configuration list for PBXProject "Logo, launched y botones" */ = {
			isa = XCConfigurationList;
			buildConfigurations = (
				BC39BD4621AD6B81007DBF07 /* Debug */,
				BC39BD4721AD6B81007DBF07 /* Release */,
			);
			defaultConfigurationIsVisible = 0;
			defaultConfigurationName = Release;
		};
		BC39BD4821AD6B81007DBF07 /* Build configuration list for PBXNativeTarget "Logo, launched y botones" */ = {
			isa = XCConfigurationList;
			buildConfigurations = (
				BC39BD4921AD6B81007DBF07 /* Debug */,
				BC39BD4A21AD6B81007DBF07 /* Release */,
			);
			defaultConfigurationIsVisible = 0;
			defaultConfigurationName = Release;
		};
/* End XCConfigurationList section */
	};
	rootObject = BC39BD2E21AD6B7C007DBF07 /* Project object */;
}
